
Microsoft Visual Studio Solution File, Format Version 12.00
# Visual Studio 2013
VisualStudioVersion = 12.0.40629.0
MinimumVisualStudioVersion = 10.0.40219.1
Project("{FAE04EC0-301F-11D3-BF4B-00C04F79EFBC}") = "PCopa0030482211042", "PCopa0030482211042\PCopa0030482211042.csproj", "{E555AA53-AE33-4FE2-87E7-8F1F223DCAB7}"
EndProject
Global
	GlobalSection(SolutionConfigurationPlatforms) = preSolution
		Debug|Any CPU = Debug|Any CPU
		Release|Any CPU = Release|Any CPU
	EndGlobalSection
	GlobalSection(ProjectConfigurationPlatforms) = postSolution
		{E555AA53-AE33-4FE2-87E7-8F1F223DCAB7}.Debug|Any CPU.ActiveCfg = Debug|Any CPU
		{E555AA53-AE33-4FE2-87E7-8F1F223DCAB7}.Debug|Any CPU.Build.0 = Debug|Any CPU
		{E555AA53-AE33-4FE2-87E7-8F1F223DCAB7}.Release|Any CPU.ActiveCfg = Release|Any CPU
		{E555AA53-AE33-4FE2-87E7-8F1F223DCAB7}.Release|Any CPU.Build.0 = Release|Any CPU
	EndGlobalSection
	GlobalSection(SolutionProperties) = preSolution
		HideSolutionNode = FALSE
	EndGlobalSection
EndGlobal
