
Microsoft Visual Studio Solution File, Format Version 12.00
# Visual Studio Version 17
VisualStudioVersion = 17.3.32819.101
MinimumVisualStudioVersion = 10.0.40219.1
Project("{FAE04EC0-301F-11D3-BF4B-00C04F79EFBC}") = "PImc", "PImc\PImc.csproj", "{3ECD5A8F-F054-426A-B821-0C3E158E861E}"
EndProject
Global
	GlobalSection(SolutionConfigurationPlatforms) = preSolution
		Debug|Any CPU = Debug|Any CPU
		Release|Any CPU = Release|Any CPU
	EndGlobalSection
	GlobalSection(ProjectConfigurationPlatforms) = postSolution
		{3ECD5A8F-F054-426A-B821-0C3E158E861E}.Debug|Any CPU.ActiveCfg = Debug|Any CPU
		{3ECD5A8F-F054-426A-B821-0C3E158E861E}.Debug|Any CPU.Build.0 = Debug|Any CPU
		{3ECD5A8F-F054-426A-B821-0C3E158E861E}.Release|Any CPU.ActiveCfg = Release|Any CPU
		{3ECD5A8F-F054-426A-B821-0C3E158E861E}.Release|Any CPU.Build.0 = Release|Any CPU
	EndGlobalSection
	GlobalSection(SolutionProperties) = preSolution
		HideSolutionNode = FALSE
	EndGlobalSection
	GlobalSection(ExtensibilityGlobals) = postSolution
		SolutionGuid = {AF95109F-9CF1-4C1B-AD0D-79C4209FE96A}
	EndGlobalSection
EndGlobal
